
Microsoft Visual Studio Solution File, Format Version 12.00
# Visual Studio Version 17
VisualStudioVersion = 17.5.2.0
MinimumVisualStudioVersion = 10.0.40219.1
Project("{FAE04EC0-301F-11D3-BF4B-00C04F79EFBC}") = "JunoBank.Web", "JunoBank.Web\JunoBank.Web.csproj", "{B151DC2D-962A-8A25-5A7A-25160EC38766}"
EndProject
Project("{FAE04EC0-301F-11D3-BF4B-00C04F79EFBC}") = "JunoBank.Core", "JunoBank.Core\JunoBank.Core.csproj", "{72B619F8-9F68-407A-B75E-B68723BFD646}"
EndProject
Global
	GlobalSection(SolutionConfigurationPlatforms) = preSolution
		Debug|Any CPU = Debug|Any CPU
		Debug|x64 = Debug|x64
		Debug|x86 = Debug|x86
		Release|Any CPU = Release|Any CPU
		Release|x64 = Release|x64
		Release|x86 = Release|x86
	EndGlobalSection
	GlobalSection(ProjectConfigurationPlatforms) = postSolution
		{B151DC2D-962A-8A25-5A7A-25160EC38766}.Debug|Any CPU.ActiveCfg = Debug|Any CPU
		{B151DC2D-962A-8A25-5A7A-25160EC38766}.Debug|Any CPU.Build.0 = Debug|Any CPU
		{B151DC2D-962A-8A25-5A7A-25160EC38766}.Debug|x64.ActiveCfg = Debug|Any CPU
		{B151DC2D-962A-8A25-5A7A-25160EC38766}.Debug|x64.Build.0 = Debug|Any CPU
		{B151DC2D-962A-8A25-5A7A-25160EC38766}.Debug|x86.ActiveCfg = Debug|Any CPU
		{B151DC2D-962A-8A25-5A7A-25160EC38766}.Debug|x86.Build.0 = Debug|Any CPU
		{B151DC2D-962A-8A25-5A7A-25160EC38766}.Release|Any CPU.ActiveCfg = Release|Any CPU
		{B151DC2D-962A-8A25-5A7A-25160EC38766}.Release|Any CPU.Build.0 = Release|Any CPU
		{B151DC2D-962A-8A25-5A7A-25160EC38766}.Release|x64.ActiveCfg = Release|Any CPU
		{B151DC2D-962A-8A25-5A7A-25160EC38766}.Release|x64.Build.0 = Release|Any CPU
		{B151DC2D-962A-8A25-5A7A-25160EC38766}.Release|x86.ActiveCfg = Release|Any CPU
		{B151DC2D-962A-8A25-5A7A-25160EC38766}.Release|x86.Build.0 = Release|Any CPU
		{72B619F8-9F68-407A-B75E-B68723BFD646}.Debug|Any CPU.ActiveCfg = Debug|Any CPU
		{72B619F8-9F68-407A-B75E-B68723BFD646}.Debug|Any CPU.Build.0 = Debug|Any CPU
		{72B619F8-9F68-407A-B75E-B68723BFD646}.Debug|x64.ActiveCfg = Debug|Any CPU
		{72B619F8-9F68-407A-B75E-B68723BFD646}.Debug|x64.Build.0 = Debug|Any CPU
		{72B619F8-9F68-407A-B75E-B68723BFD646}.Debug|x86.ActiveCfg = Debug|Any CPU
		{72B619F8-9F68-407A-B75E-B68723BFD646}.Debug|x86.Build.0 = Debug|Any CPU
		{72B619F8-9F68-407A-B75E-B68723BFD646}.Release|Any CPU.ActiveCfg = Release|Any CPU
		{72B619F8-9F68-407A-B75E-B68723BFD646}.Release|Any CPU.Build.0 = Release|Any CPU
		{72B619F8-9F68-407A-B75E-B68723BFD646}.Release|x64.ActiveCfg = Release|Any CPU
		{72B619F8-9F68-407A-B75E-B68723BFD646}.Release|x64.Build.0 = Release|Any CPU
		{72B619F8-9F68-407A-B75E-B68723BFD646}.Release|x86.ActiveCfg = Release|Any CPU
		{72B619F8-9F68-407A-B75E-B68723BFD646}.Release|x86.Build.0 = Release|Any CPU
	EndGlobalSection
	GlobalSection(SolutionProperties) = preSolution
		HideSolutionNode = FALSE
	EndGlobalSection
	GlobalSection(ExtensibilityGlobals) = postSolution
		SolutionGuid = {B021AD08-E461-4FB6-8E8C-1C137FC022EF}
	EndGlobalSection
EndGlobal
